
Microsoft Visual Studio Solution File, Format Version 12.00
# Visual Studio 2015
Project("{FAE04EC0-301F-11D3-BF4B-00C04F79EFBC}") = "memoryGame.CSharp", "memoryGame.CSharp.csproj", "{834CE305-AA48-7054-009E-9069C85CDFEC}"
EndProject
Global
	GlobalSection(SolutionConfigurationPlatforms) = preSolution
		Debug|Any CPU = Debug|Any CPU
		Release|Any CPU = Release|Any CPU
	EndGlobalSection
	GlobalSection(ProjectConfigurationPlatforms) = postSolution
		{834CE305-AA48-7054-009E-9069C85CDFEC}.Debug|Any CPU.ActiveCfg = Debug|Any CPU
		{834CE305-AA48-7054-009E-9069C85CDFEC}.Debug|Any CPU.Build.0 = Debug|Any CPU
		{834CE305-AA48-7054-009E-9069C85CDFEC}.Release|Any CPU.ActiveCfg = Release|Any CPU
		{834CE305-AA48-7054-009E-9069C85CDFEC}.Release|Any CPU.Build.0 = Release|Any CPU
	EndGlobalSection
	GlobalSection(SolutionProperties) = preSolution
		HideSolutionNode = FALSE
	EndGlobalSection
EndGlobal
